// !$*UTF8*$!
{
	archiveVersion = 1;
	classes = {
	};
	objectVersion = 46;
	objects = {

/* Begin PBXBuildFile section */
		6F33AA301CECEE2C00F7D441 /* AppDelegate.swift in Sources */ = {isa = PBXBuildFile; fileRef = 6F33AA2F1CECEE2C00F7D441 /* AppDelegate.swift */; };
		6F33AA321CECEE2C00F7D441 /* ViewController.swift in Sources */ = {isa = PBXBuildFile; fileRef = 6F33AA311CECEE2C00F7D441 /* ViewController.swift */; };
		6F33AA351CECEE2C00F7D441 /* Main.storyboard in Resources */ = {isa = PBXBuildFile; fileRef = 6F33AA331CECEE2C00F7D441 /* Main.storyboard */; };
		6F33AA371CECEE2C00F7D441 /* Assets.xcassets in Resources */ = {isa = PBXBuildFile; fileRef = 6F33AA361CECEE2C00F7D441 /* Assets.xcassets */; };
		6F33AA3A1CECEE2C00F7D441 /* LaunchScreen.storyboard in Resources */ = {isa = PBXBuildFile; fileRef = 6F33AA381CECEE2C00F7D441 /* LaunchScreen.storyboard */; };
/* End PBXBuildFile section */

/* Begin PBXFileReference section */
		6F33AA2C1CECEE2C00F7D441 /* marioTapper.app */ = {isa = PBXFileReference; explicitFileType = wrapper.application; includeInIndex = 0; path = marioTapper.app; sourceTree = BUILT_PRODUCTS_DIR; };
		6F33AA2F1CECEE2C00F7D441 /* AppDelegate.swift */ = {isa = PBXFileReference; lastKnownFileType = sourcecode.swift; path = AppDelegate.swift; sourceTree = "<group>"; };
		6F33AA311CECEE2C00F7D441 /* ViewController.swift */ = {isa = PBXFileReference; lastKnownFileType = sourcecode.swift; path = ViewController.swift; sourceTree = "<group>"; };
		6F33AA341CECEE2C00F7D441 /* Base */ = {isa = PBXFileReference; lastKnownFileType = file.storyboard; name = Base; path = Base.lproj/Main.storyboard; sourceTree = "<group>"; };
		6F33AA361CECEE2C00F7D441 /* Assets.xcassets */ = {isa = PBXFileReference; lastKnownFileType = folder.assetcatalog; path = Assets.xcassets; sourceTree = "<group>"; };
		6F33AA391CECEE2C00F7D441 /* Base */ = {isa = PBXFileReference; lastKnownFileType = file.storyboard; name = Base; path = Base.lproj/LaunchScreen.storyboard; sourceTree = "<group>"; };
		6F33AA3B1CECEE2C00F7D441 /* Info.plist */ = {isa = PBXFileReference; lastKnownFileType = text.plist.xml; path = Info.plist; sourceTree = "<group>"; };
/* End PBXFileReference section */

/* Begin PBXFrameworksBuildPhase section */
		6F33AA291CECEE2C00F7D441 /* Frameworks */ = {
			isa = PBXFrameworksBuildPhase;
			buildActionMask = 2147483647;
			files = (
			);
			runOnlyForDeploymentPostprocessing = 0;
		};
/* End PBXFrameworksBuildPhase section */

/* Begin PBXGroup section */
		6F33AA231CECEE2C00F7D441 = {
			isa = PBXGroup;
			children = (
				6F33AA2E1CECEE2C00F7D441 /* marioTapper */,
				6F33AA2D1CECEE2C00F7D441 /* Products */,
			);
			sourceTree = "<group>";
		};
		6F33AA2D1CECEE2C00F7D441 /* Products */ = {
			isa = PBXGroup;
			children = (
				6F33AA2C1CECEE2C00F7D441 /* marioTapper.app */,
			);
			name = Products;
			sourceTree = "<group>";
		};
		6F33AA2E1CECEE2C00F7D441 /* marioTapper */ = {
			isa = PBXGroup;
			children = (
				6F33AA2F1CECEE2C00F7D441 /* AppDelegate.swift */,
				6F33AA311CECEE2C00F7D441 /* ViewController.swift */,
				6F33AA331CECEE2C00F7D441 /* Main.storyboard */,
				6F33AA361CECEE2C00F7D441 /* Assets.xcassets */,
				6F33AA381CECEE2C00F7D441 /* LaunchScreen.storyboard */,
				6F33AA3B1CECEE2C00F7D441 /* Info.plist */,
			);
			path = marioTapper;
			sourceTree = "<group>";
		};
/* End PBXGroup section */

/* Begin PBXNativeTarget section */
		6F33AA2B1CECEE2C00F7D441 /* marioTapper */ = {
			isa = PBXNativeTarget;
			buildConfigurationList = 6F33AA3E1CECEE2C00F7D441 /* Build configuration list for PBXNativeTarget "marioTapper" */;
			buildPhases = (
				6F33AA281CECEE2C00F7D441 /* Sources */,
				6F33AA291CECEE2C00F7D441 /* Frameworks */,
				6F33AA2A1CECEE2C00F7D441 /* Resources */,
			);
			buildRules = (
			);
			dependencies = (
			);
			name = marioTapper;
			productName = marioTapper;
			productReference = 6F33AA2C1CECEE2C00F7D441 /* marioTapper.app */;
			productType = "com.apple.product-type.application";
		};
/* End PBXNativeTarget section */

/* Begin PBXProject section */
		6F33AA241CECEE2C00F7D441 /* Project object */ = {
			isa = PBXProject;
			attributes = {
				LastUpgradeCheck = 0700;
				ORGANIZATIONNAME = "Sebastian Lopez";
				TargetAttributes = {
					6F33AA2B1CECEE2C00F7D441 = {
						CreatedOnToolsVersion = 7.0;
						DevelopmentTeam = PYPEG4Z7N7;
					};
				};
			};
			buildConfigurationList = 6F33AA271CECEE2C00F7D441 /* Build configuration list for PBXProject "marioTapper" */;
			compatibilityVersion = "Xcode 3.2";
			developmentRegion = English;
			hasScannedForEncodings = 0;
			knownRegions = (
				en,
				Base,
			);
			mainGroup = 6F33AA231CECEE2C00F7D441;
			productRefGroup = 6F33AA2D1CECEE2C00F7D441 /* Products */;
			projectDirPath = "";
			projectRoot = "";
			targets = (
				6F33AA2B1CECEE2C00F7D441 /* marioTapper */,
			);
		};
/* End PBXProject section */

/* Begin PBXResourcesBuildPhase section */
		6F33AA2A1CECEE2C00F7D441 /* Resources */ = {
			isa = PBXResourcesBuildPhase;
			buildActionMask = 2147483647;
			files = (
				6F33AA3A1CECEE2C00F7D441 /* LaunchScreen.storyboard in Resources */,
				6F33AA371CECEE2C00F7D441 /* Assets.xcassets in Resources */,
				6F33AA351CECEE2C00F7D441 /* Main.storyboard in Resources */,
			);
			runOnlyForDeploymentPostprocessing = 0;
		};
/* End PBXResourcesBuildPhase section */

/* Begin PBXSourcesBuildPhase section */
		6F33AA281CECEE2C00F7D441 /* Sources */ = {
			isa = PBXSourcesBuildPhase;
			buildActionMask = 2147483647;
			files = (
				6F33AA321CECEE2C00F7D441 /* ViewController.swift in Sources */,
				6F33AA301CECEE2C00F7D441 /* AppDelegate.swift in Sources */,
			);
			runOnlyForDeploymentPostprocessing = 0;
		};
/* End PBXSourcesBuildPhase section */

/* Begin PBXVariantGroup section */
		6F33AA331CECEE2C00F7D441 /* Main.storyboard */ = {
			isa = PBXVariantGroup;
			children = (
				6F33AA341CECEE2C00F7D441 /* Base */,
			);
			name = Main.storyboard;
			sourceTree = "<group>";
		};
		6F33AA381CECEE2C00F7D441 /* LaunchScreen.storyboard */ = {
			isa = PBXVariantGroup;
			children = (
				6F33AA391CECEE2C00F7D441 /* Base */,
			);
			name = LaunchScreen.storyboard;
			sourceTree = "<group>";
		};
/* End PBXVariantGroup section */

/* Begin XCBuildConfiguration section */
		6F33AA3C1CECEE2C00F7D441 /* Debug */ = {
			isa = XCBuildConfiguration;
			buildSettings = {
				ALWAYS_SEARCH_USER_PATHS = NO;
				CLANG_CXX_LANGUAGE_STANDARD = "gnu++0x";
				CLANG_CXX_LIBRARY = "libc++";
				CLANG_ENABLE_MODULES = YES;
				CLANG_ENABLE_OBJC_ARC = YES;
				CLANG_WARN_BOOL_CONVERSION = YES;
				CLANG_WARN_CONSTANT_CONVERSION = YES;
				CLANG_WARN_DIRECT_OBJC_ISA_USAGE = YES_ERROR;
				CLANG_WARN_EMPTY_BODY = YES;
				CLANG_WARN_ENUM_CONVERSION = YES;
				CLANG_WARN_INT_CONVERSION = YES;
				CLANG_WARN_OBJC_ROOT_CLASS = YES_ERROR;
				CLANG_WARN_UNREACHABLE_CODE = YES;
				CLANG_WARN__DUPLICATE_METHOD_MATCH = YES;
				"CODE_SIGN_IDENTITY[sdk=iphoneos*]" = "iPhone Developer";
				COPY_PHASE_STRIP = NO;
				DEBUG_INFORMATION_FORMAT = dwarf;
				ENABLE_STRICT_OBJC_MSGSEND = YES;
				ENABLE_TESTABILITY = YES;
				GCC_C_LANGUAGE_STANDARD = gnu99;
				GCC_DYNAMIC_NO_PIC = NO;
				GCC_NO_COMMON_BLOCKS = YES;
				GCC_OPTIMIZATION_LEVEL = 0;
				GCC_PREPROCESSOR_DEFINITIONS = (
					"DEBUG=1",
					"$(inherited)",
				);
				GCC_WARN_64_TO_32_BIT_CONVERSION = YES;
				GCC_WARN_ABOUT_RETURN_TYPE = YES_ERROR;
				GCC_WARN_UNDECLARED_SELECTOR = YES;
				GCC_WARN_UNINITIALIZED_AUTOS = YES_AGGRESSIVE;
				GCC_WARN_UNUSED_FUNCTION = YES;
				GCC_WARN_UNUSED_VARIABLE = YES;
				IPHONEOS_DEPLOYMENT_TARGET = 9.0;
				MTL_ENABLE_DEBUG_INFO = YES;
				ONLY_ACTIVE_ARCH = YES;
				SDKROOT = iphoneos;
				SWIFT_OPTIMIZATION_LEVEL = "-Onone";
			};
			name = Debug;
		};
		6F33AA3D1CECEE2C00F7D441 /* Release */ = {
			isa = XCBuildConfiguration;
			buildSettings = {
				ALWAYS_SEARCH_USER_PATHS = NO;
				CLANG_CXX_LANGUAGE_STANDARD = "gnu++0x";
				CLANG_CXX_LIBRARY = "libc++";
				CLANG_ENABLE_MODULES = YES;
				CLANG_ENABLE_OBJC_ARC = YES;
				CLANG_WARN_BOOL_CONVERSION = YES;
				CLANG_WARN_CONSTANT_CONVERSION = YES;
				CLANG_WARN_DIRECT_OBJC_ISA_USAGE = YES_ERROR;
				CLANG_WARN_EMPTY_BODY = YES;
				CLANG_WARN_ENUM_CONVERSION = YES;
				CLANG_WARN_INT_CONVERSION = YES;
				CLANG_WARN_OBJC_ROOT_CLASS = YES_ERROR;
				CLANG_WARN_UNREACHABLE_CODE = YES;
				CLANG_WARN__DUPLICATE_METHOD_MATCH = YES;
				"CODE_SIGN_IDENTITY[sdk=iphoneos*]" = "iPhone Developer";
				COPY_PHASE_STRIP = NO;
				DEBUG_INFORMATION_FORMAT = "dwarf-with-dsym";
				ENABLE_NS_ASSERTIONS = NO;
				ENABLE_STRICT_OBJC_MSGSEND = YES;
				GCC_C_LANGUAGE_STANDARD = gnu99;
				GCC_NO_COMMON_BLOCKS = YES;
				GCC_WARN_64_TO_32_BIT_CONVERSION = YES;
				GCC_WARN_ABOUT_RETURN_TYPE = YES_ERROR;
				GCC_WARN_UNDECLARED_SELECTOR = YES;
				GCC_WARN_UNINITIALIZED_AUTOS = YES_AGGRESSIVE;
				GCC_WARN_UNUSED_FUNCTION = YES;
				GCC_WARN_UNUSED_VARIABLE = YES;
				IPHONEOS_DEPLOYMENT_TARGET = 9.0;
				MTL_ENABLE_DEBUG_INFO = NO;
				SDKROOT = iphoneos;
				VALIDATE_PRODUCT = YES;
			};
			name = Release;
		};
		6F33AA3F1CECEE2C00F7D441 /* Debug */ = {
			isa = XCBuildConfiguration;
			buildSettings = {
				ASSETCATALOG_COMPILER_APPICON_NAME = AppIcon;
				INFOPLIST_FILE = marioTapper/Info.plist;
				LD_RUNPATH_SEARCH_PATHS = "$(inherited) @executable_path/Frameworks";
				PRODUCT_BUNDLE_IDENTIFIER = com.Sebaslopez.marioTapper;
				PRODUCT_NAME = "$(TARGET_NAME)";
			};
			name = Debug;
		};
		6F33AA401CECEE2C00F7D441 /* Release */ = {
			isa = XCBuildConfiguration;
			buildSettings = {
				ASSETCATALOG_COMPILER_APPICON_NAME = AppIcon;
				INFOPLIST_FILE = marioTapper/Info.plist;
				LD_RUNPATH_SEARCH_PATHS = "$(inherited) @executable_path/Frameworks";
				PRODUCT_BUNDLE_IDENTIFIER = com.Sebaslopez.marioTapper;
				PRODUCT_NAME = "$(TARGET_NAME)";
			};
			name = Release;
		};
/* End XCBuildConfiguration section */

/* Begin XCConfigurationList section */
		6F33AA271CECEE2C00F7D441 /* Build configuration list for PBXProject "marioTapper" */ = {
			isa = XCConfigurationList;
			buildConfigurations = (
				6F33AA3C1CECEE2C00F7D441 /* Debug */,
				6F33AA3D1CECEE2C00F7D441 /* Release */,
			);
			defaultConfigurationIsVisible = 0;
			defaultConfigurationName = Release;
		};
		6F33AA3E1CECEE2C00F7D441 /* Build configuration list for PBXNativeTarget "marioTapper" */ = {
			isa = XCConfigurationList;
			buildConfigurations = (
				6F33AA3F1CECEE2C00F7D441 /* Debug */,
				6F33AA401CECEE2C00F7D441 /* Release */,
			);
			defaultConfigurationIsVisible = 0;
		};
/* End XCConfigurationList section */
	};
	rootObject = 6F33AA241CECEE2C00F7D441 /* Project object */;
}
